// !$*UTF8*$!
{
	archiveVersion = 1;
	classes = {
	};
	objectVersion = 77;
	objects = {

/* Begin PBXBuildFile section */
		E15B48FF2EAA555A004E29C5 /* brand.json in Resources */ = {isa = PBXBuildFile; fileRef = E15B48F12EAA555A004E29C5 /* brand.json */; };
		E15B49002EAA555A004E29C5 /* category.json in Resources */ = {isa = PBXBuildFile; fileRef = E15B48F22EAA555A004E29C5 /* category.json */; };
		E15B49012EAA555A004E29C5 /* player.json in Resources */ = {isa = PBXBuildFile; fileRef = E15B48F32EAA555A004E29C5 /* player.json */; };
		E15B49022EAA555A004E29C5 /* product.json in Resources */ = {isa = PBXBuildFile; fileRef = E15B48F42EAA555A004E29C5 /* product.json */; };
		E15B49032EAA555A004E29C5 /* Assets.xcassets in Resources */ = {isa = PBXBuildFile; fileRef = E15B48FC2EAA555A004E29C5 /* Assets.xcassets */; };
		E15B49052EAA555A004E29C5 /* ContentView.swift in Sources */ = {isa = PBXBuildFile; fileRef = E15B48EE2EAA555A004E29C5 /* ContentView.swift */; };
		E15B49062EAA555A004E29C5 /* TouchdownApp.swift in Sources */ = {isa = PBXBuildFile; fileRef = E15B48EF2EAA555A004E29C5 /* TouchdownApp.swift */; };
		E15B49082EAA5594004E29C5 /* Constant.swift in Sources */ = {isa = PBXBuildFile; fileRef = E15B49072EAA5594004E29C5 /* Constant.swift */; };
		E15B490A2EAA5655004E29C5 /* FooterView.swift in Sources */ = {isa = PBXBuildFile; fileRef = E15B49092EAA5655004E29C5 /* FooterView.swift */; };
		E1E41A432EAA59FE00564683 /* NavigationBarView.swift in Sources */ = {isa = PBXBuildFile; fileRef = E1E41A422EAA59FE00564683 /* NavigationBarView.swift */; };
		E1E41A452EAA5B1100564683 /* LogoView.swift in Sources */ = {isa = PBXBuildFile; fileRef = E1E41A442EAA5B1100564683 /* LogoView.swift */; };
		E1E41A472EAA5F4F00564683 /* PlayerModel.swift in Sources */ = {isa = PBXBuildFile; fileRef = E1E41A462EAA5F4F00564683 /* PlayerModel.swift */; };
		E1E41A492EAA5F8600564683 /* CodableBundleExtension.swift in Sources */ = {isa = PBXBuildFile; fileRef = E1E41A482EAA5F8600564683 /* CodableBundleExtension.swift */; };
		E1E41A4B2EAA60C400564683 /* FeaturedItemView.swift in Sources */ = {isa = PBXBuildFile; fileRef = E1E41A4A2EAA60C400564683 /* FeaturedItemView.swift */; };
		E1E41A4D2EAA61BB00564683 /* FeaturedTabView.swift in Sources */ = {isa = PBXBuildFile; fileRef = E1E41A4C2EAA61BB00564683 /* FeaturedTabView.swift */; };
		E1E41A4F2EAA63F100564683 /* CategoryModel.swift in Sources */ = {isa = PBXBuildFile; fileRef = E1E41A4E2EAA63F100564683 /* CategoryModel.swift */; };
		E1E41A512EAA651200564683 /* CategoryItemView.swift in Sources */ = {isa = PBXBuildFile; fileRef = E1E41A502EAA651200564683 /* CategoryItemView.swift */; };
		E1E41A532EAA664A00564683 /* CategoryGridView.swift in Sources */ = {isa = PBXBuildFile; fileRef = E1E41A522EAA664A00564683 /* CategoryGridView.swift */; };
		E1E41A552EAA676E00564683 /* SectionView.swift in Sources */ = {isa = PBXBuildFile; fileRef = E1E41A542EAA676E00564683 /* SectionView.swift */; };
		E1E41A572EAB634B00564683 /* TitleView.swift in Sources */ = {isa = PBXBuildFile; fileRef = E1E41A562EAB634B00564683 /* TitleView.swift */; };
		E1E41A592EAB645500564683 /* ProductModel.swift in Sources */ = {isa = PBXBuildFile; fileRef = E1E41A582EAB645500564683 /* ProductModel.swift */; };
		E1E41A5B2EAB64E200564683 /* ProductItemView.swift in Sources */ = {isa = PBXBuildFile; fileRef = E1E41A5A2EAB64E200564683 /* ProductItemView.swift */; };
		E1E41A5D2EAB682000564683 /* BrandModel.swift in Sources */ = {isa = PBXBuildFile; fileRef = E1E41A5C2EAB682000564683 /* BrandModel.swift */; };
		E1E41A5F2EAB687200564683 /* BrandItemView.swift in Sources */ = {isa = PBXBuildFile; fileRef = E1E41A5E2EAB687200564683 /* BrandItemView.swift */; };
		E1E41A612EAB68E500564683 /* BrandGridView.swift in Sources */ = {isa = PBXBuildFile; fileRef = E1E41A602EAB68E500564683 /* BrandGridView.swift */; };
		E1E41A632EAB6C0F00564683 /* ProductDetailView.swift in Sources */ = {isa = PBXBuildFile; fileRef = E1E41A622EAB6C0F00564683 /* ProductDetailView.swift */; };
		E1E41A652EAB6D0600564683 /* NavigationBarDetailView.swift in Sources */ = {isa = PBXBuildFile; fileRef = E1E41A642EAB6D0600564683 /* NavigationBarDetailView.swift */; };
		E1E41A672EAB6E4800564683 /* HeaderDetailView.swift in Sources */ = {isa = PBXBuildFile; fileRef = E1E41A662EAB6E4800564683 /* HeaderDetailView.swift */; };
		E1E41A692EAB6EC600564683 /* TopPartDetailView.swift in Sources */ = {isa = PBXBuildFile; fileRef = E1E41A682EAB6EC600564683 /* TopPartDetailView.swift */; };
		E1E41A6B2EAB722D00564683 /* CustomShape.swift in Sources */ = {isa = PBXBuildFile; fileRef = E1E41A6A2EAB722D00564683 /* CustomShape.swift */; };
		E1E41A6D2EAB73AF00564683 /* RatingsSizesDetailView.swift in Sources */ = {isa = PBXBuildFile; fileRef = E1E41A6C2EAB73AF00564683 /* RatingsSizesDetailView.swift */; };
		E1E41A6F2EAB76B800564683 /* QuantityFavoriteDetailView.swift in Sources */ = {isa = PBXBuildFile; fileRef = E1E41A6E2EAB76B800564683 /* QuantityFavoriteDetailView.swift */; };
		E1E41A712EAB784300564683 /* AddToCartDetailView.swift in Sources */ = {isa = PBXBuildFile; fileRef = E1E41A702EAB784300564683 /* AddToCartDetailView.swift */; };
		E1E41A732EAB79F200564683 /* Shop.swift in Sources */ = {isa = PBXBuildFile; fileRef = E1E41A722EAB79F200564683 /* Shop.swift */; };
/* End PBXBuildFile section */

/* Begin PBXFileReference section */
		E15B48C82EAA52C7004E29C5 /* Touchdown.app */ = {isa = PBXFileReference; explicitFileType = wrapper.application; includeInIndex = 0; path = Touchdown.app; sourceTree = BUILT_PRODUCTS_DIR; };
		E15B48EE2EAA555A004E29C5 /* ContentView.swift */ = {isa = PBXFileReference; lastKnownFileType = sourcecode.swift; path = ContentView.swift; sourceTree = "<group>"; };
		E15B48EF2EAA555A004E29C5 /* TouchdownApp.swift */ = {isa = PBXFileReference; lastKnownFileType = sourcecode.swift; path = TouchdownApp.swift; sourceTree = "<group>"; };
		E15B48F12EAA555A004E29C5 /* brand.json */ = {isa = PBXFileReference; lastKnownFileType = text.json; path = brand.json; sourceTree = "<group>"; };
		E15B48F22EAA555A004E29C5 /* category.json */ = {isa = PBXFileReference; lastKnownFileType = text.json; path = category.json; sourceTree = "<group>"; };
		E15B48F32EAA555A004E29C5 /* player.json */ = {isa = PBXFileReference; lastKnownFileType = text.json; path = player.json; sourceTree = "<group>"; };
		E15B48F42EAA555A004E29C5 /* product.json */ = {isa = PBXFileReference; lastKnownFileType = text.json; path = product.json; sourceTree = "<group>"; };
		E15B48FC2EAA555A004E29C5 /* Assets.xcassets */ = {isa = PBXFileReference; lastKnownFileType = folder.assetcatalog; path = Assets.xcassets; sourceTree = "<group>"; };
		E15B48FD2EAA555A004E29C5 /* Info.plist */ = {isa = PBXFileReference; lastKnownFileType = text.plist.xml; path = Info.plist; sourceTree = "<group>"; };
		E15B49072EAA5594004E29C5 /* Constant.swift */ = {isa = PBXFileReference; lastKnownFileType = sourcecode.swift; path = Constant.swift; sourceTree = "<group>"; };
		E15B49092EAA5655004E29C5 /* FooterView.swift */ = {isa = PBXFileReference; lastKnownFileType = sourcecode.swift; path = FooterView.swift; sourceTree = "<group>"; };
		E1E41A422EAA59FE00564683 /* NavigationBarView.swift */ = {isa = PBXFileReference; lastKnownFileType = sourcecode.swift; path = NavigationBarView.swift; sourceTree = "<group>"; };
		E1E41A442EAA5B1100564683 /* LogoView.swift */ = {isa = PBXFileReference; lastKnownFileType = sourcecode.swift; path = LogoView.swift; sourceTree = "<group>"; };
		E1E41A462EAA5F4F00564683 /* PlayerModel.swift */ = {isa = PBXFileReference; lastKnownFileType = sourcecode.swift; path = PlayerModel.swift; sourceTree = "<group>"; };
		E1E41A482EAA5F8600564683 /* CodableBundleExtension.swift */ = {isa = PBXFileReference; lastKnownFileType = sourcecode.swift; path = CodableBundleExtension.swift; sourceTree = "<group>"; };
		E1E41A4A2EAA60C400564683 /* FeaturedItemView.swift */ = {isa = PBXFileReference; lastKnownFileType = sourcecode.swift; path = FeaturedItemView.swift; sourceTree = "<group>"; };
		E1E41A4C2EAA61BB00564683 /* FeaturedTabView.swift */ = {isa = PBXFileReference; lastKnownFileType = sourcecode.swift; path = FeaturedTabView.swift; sourceTree = "<group>"; };
		E1E41A4E2EAA63F100564683 /* CategoryModel.swift */ = {isa = PBXFileReference; lastKnownFileType = sourcecode.swift; path = CategoryModel.swift; sourceTree = "<group>"; };
		E1E41A502EAA651200564683 /* CategoryItemView.swift */ = {isa = PBXFileReference; lastKnownFileType = sourcecode.swift; path = CategoryItemView.swift; sourceTree = "<group>"; };
		E1E41A522EAA664A00564683 /* CategoryGridView.swift */ = {isa = PBXFileReference; lastKnownFileType = sourcecode.swift; path = CategoryGridView.swift; sourceTree = "<group>"; };
		E1E41A542EAA676E00564683 /* SectionView.swift */ = {isa = PBXFileReference; lastKnownFileType = sourcecode.swift; path = SectionView.swift; sourceTree = "<group>"; };
		E1E41A562EAB634B00564683 /* TitleView.swift */ = {isa = PBXFileReference; lastKnownFileType = sourcecode.swift; path = TitleView.swift; sourceTree = "<group>"; };
		E1E41A582EAB645500564683 /* ProductModel.swift */ = {isa = PBXFileReference; lastKnownFileType = sourcecode.swift; path = ProductModel.swift; sourceTree = "<group>"; };
		E1E41A5A2EAB64E200564683 /* ProductItemView.swift */ = {isa = PBXFileReference; lastKnownFileType = sourcecode.swift; path = ProductItemView.swift; sourceTree = "<group>"; };
		E1E41A5C2EAB682000564683 /* BrandModel.swift */ = {isa = PBXFileReference; lastKnownFileType = sourcecode.swift; path = BrandModel.swift; sourceTree = "<group>"; };
		E1E41A5E2EAB687200564683 /* BrandItemView.swift */ = {isa = PBXFileReference; lastKnownFileType = sourcecode.swift; path = BrandItemView.swift; sourceTree = "<group>"; };
		E1E41A602EAB68E500564683 /* BrandGridView.swift */ = {isa = PBXFileReference; lastKnownFileType = sourcecode.swift; path = BrandGridView.swift; sourceTree = "<group>"; };
		E1E41A622EAB6C0F00564683 /* ProductDetailView.swift */ = {isa = PBXFileReference; lastKnownFileType = sourcecode.swift; path = ProductDetailView.swift; sourceTree = "<group>"; };
		E1E41A642EAB6D0600564683 /* NavigationBarDetailView.swift */ = {isa = PBXFileReference; lastKnownFileType = sourcecode.swift; path = NavigationBarDetailView.swift; sourceTree = "<group>"; };
		E1E41A662EAB6E4800564683 /* HeaderDetailView.swift */ = {isa = PBXFileReference; lastKnownFileType = sourcecode.swift; path = HeaderDetailView.swift; sourceTree = "<group>"; };
		E1E41A682EAB6EC600564683 /* TopPartDetailView.swift */ = {isa = PBXFileReference; lastKnownFileType = sourcecode.swift; path = TopPartDetailView.swift; sourceTree = "<group>"; };
		E1E41A6A2EAB722D00564683 /* CustomShape.swift */ = {isa = PBXFileReference; lastKnownFileType = sourcecode.swift; path = CustomShape.swift; sourceTree = "<group>"; };
		E1E41A6C2EAB73AF00564683 /* RatingsSizesDetailView.swift */ = {isa = PBXFileReference; lastKnownFileType = sourcecode.swift; path = RatingsSizesDetailView.swift; sourceTree = "<group>"; };
		E1E41A6E2EAB76B800564683 /* QuantityFavoriteDetailView.swift */ = {isa = PBXFileReference; lastKnownFileType = sourcecode.swift; path = QuantityFavoriteDetailView.swift; sourceTree = "<group>"; };
		E1E41A702EAB784300564683 /* AddToCartDetailView.swift */ = {isa = PBXFileReference; lastKnownFileType = sourcecode.swift; path = AddToCartDetailView.swift; sourceTree = "<group>"; };
		E1E41A722EAB79F200564683 /* Shop.swift */ = {isa = PBXFileReference; lastKnownFileType = sourcecode.swift; path = Shop.swift; sourceTree = "<group>"; };
/* End PBXFileReference section */

/* Begin PBXFrameworksBuildPhase section */
		E15B48C52EAA52C7004E29C5 /* Frameworks */ = {
			isa = PBXFrameworksBuildPhase;
			buildActionMask = 2147483647;
			files = (
			);
			runOnlyForDeploymentPostprocessing = 0;
		};
/* End PBXFrameworksBuildPhase section */

/* Begin PBXGroup section */
		E15B48BF2EAA52C7004E29C5 = {
			isa = PBXGroup;
			children = (
				E15B48FE2EAA555A004E29C5 /* Touchdown */,
				E15B48C92EAA52C7004E29C5 /* Products */,
			);
			sourceTree = "<group>";
		};
		E15B48C92EAA52C7004E29C5 /* Products */ = {
			isa = PBXGroup;
			children = (
				E15B48C82EAA52C7004E29C5 /* Touchdown.app */,
			);
			name = Products;
			sourceTree = "<group>";
		};
		E15B48F02EAA555A004E29C5 /* App */ = {
			isa = PBXGroup;
			children = (
				E15B48EE2EAA555A004E29C5 /* ContentView.swift */,
				E15B48EF2EAA555A004E29C5 /* TouchdownApp.swift */,
				E1E41A622EAB6C0F00564683 /* ProductDetailView.swift */,
			);
			path = App;
			sourceTree = "<group>";
		};
		E15B48F52EAA555A004E29C5 /* Data */ = {
			isa = PBXGroup;
			children = (
				E15B48F12EAA555A004E29C5 /* brand.json */,
				E15B48F22EAA555A004E29C5 /* category.json */,
				E15B48F32EAA555A004E29C5 /* player.json */,
				E15B48F42EAA555A004E29C5 /* product.json */,
			);
			path = Data;
			sourceTree = "<group>";
		};
		E15B48F62EAA555A004E29C5 /* Extension */ = {
			isa = PBXGroup;
			children = (
				E1E41A482EAA5F8600564683 /* CodableBundleExtension.swift */,
			);
			path = Extension;
			sourceTree = "<group>";
		};
		E15B48F72EAA555A004E29C5 /* Model */ = {
			isa = PBXGroup;
			children = (
				E1E41A462EAA5F4F00564683 /* PlayerModel.swift */,
				E1E41A4E2EAA63F100564683 /* CategoryModel.swift */,
				E1E41A582EAB645500564683 /* ProductModel.swift */,
				E1E41A5C2EAB682000564683 /* BrandModel.swift */,
			);
			path = Model;
			sourceTree = "<group>";
		};
		E15B48F82EAA555A004E29C5 /* Utility */ = {
			isa = PBXGroup;
			children = (
				E15B49072EAA5594004E29C5 /* Constant.swift */,
				E1E41A6A2EAB722D00564683 /* CustomShape.swift */,
				E1E41A722EAB79F200564683 /* Shop.swift */,
			);
			path = Utility;
			sourceTree = "<group>";
		};
		E15B48F92EAA555A004E29C5 /* Detail */ = {
			isa = PBXGroup;
			children = (
				E1E41A642EAB6D0600564683 /* NavigationBarDetailView.swift */,
				E1E41A662EAB6E4800564683 /* HeaderDetailView.swift */,
				E1E41A682EAB6EC600564683 /* TopPartDetailView.swift */,
				E1E41A6C2EAB73AF00564683 /* RatingsSizesDetailView.swift */,
				E1E41A6E2EAB76B800564683 /* QuantityFavoriteDetailView.swift */,
				E1E41A702EAB784300564683 /* AddToCartDetailView.swift */,
			);
			path = Detail;
			sourceTree = "<group>";
		};
		E15B48FA2EAA555A004E29C5 /* Home */ = {
			isa = PBXGroup;
			children = (
				E15B49092EAA5655004E29C5 /* FooterView.swift */,
				E1E41A422EAA59FE00564683 /* NavigationBarView.swift */,
				E1E41A442EAA5B1100564683 /* LogoView.swift */,
				E1E41A4A2EAA60C400564683 /* FeaturedItemView.swift */,
				E1E41A4C2EAA61BB00564683 /* FeaturedTabView.swift */,
				E1E41A502EAA651200564683 /* CategoryItemView.swift */,
				E1E41A522EAA664A00564683 /* CategoryGridView.swift */,
				E1E41A542EAA676E00564683 /* SectionView.swift */,
				E1E41A562EAB634B00564683 /* TitleView.swift */,
				E1E41A5A2EAB64E200564683 /* ProductItemView.swift */,
				E1E41A5E2EAB687200564683 /* BrandItemView.swift */,
				E1E41A602EAB68E500564683 /* BrandGridView.swift */,
			);
			path = Home;
			sourceTree = "<group>";
		};
		E15B48FB2EAA555A004E29C5 /* View */ = {
			isa = PBXGroup;
			children = (
				E15B48FA2EAA555A004E29C5 /* Home */,
				E15B48F92EAA555A004E29C5 /* Detail */,
			);
			path = View;
			sourceTree = "<group>";
		};
		E15B48FE2EAA555A004E29C5 /* Touchdown */ = {
			isa = PBXGroup;
			children = (
				E15B48F02EAA555A004E29C5 /* App */,
				E15B48FB2EAA555A004E29C5 /* View */,
				E15B48F52EAA555A004E29C5 /* Data */,
				E15B48F72EAA555A004E29C5 /* Model */,
				E15B48F62EAA555A004E29C5 /* Extension */,
				E15B48F82EAA555A004E29C5 /* Utility */,
				E15B48FC2EAA555A004E29C5 /* Assets.xcassets */,
				E15B48FD2EAA555A004E29C5 /* Info.plist */,
			);
			path = Touchdown;
			sourceTree = "<group>";
		};
/* End PBXGroup section */

/* Begin PBXNativeTarget section */
		E15B48C72EAA52C7004E29C5 /* Touchdown */ = {
			isa = PBXNativeTarget;
			buildConfigurationList = E15B48D32EAA52C7004E29C5 /* Build configuration list for PBXNativeTarget "Touchdown" */;
			buildPhases = (
				E15B48C42EAA52C7004E29C5 /* Sources */,
				E15B48C52EAA52C7004E29C5 /* Frameworks */,
				E15B48C62EAA52C7004E29C5 /* Resources */,
			);
			buildRules = (
			);
			dependencies = (
			);
			name = Touchdown;
			packageProductDependencies = (
			);
			productName = Touchdown;
			productReference = E15B48C82EAA52C7004E29C5 /* Touchdown.app */;
			productType = "com.apple.product-type.application";
		};
/* End PBXNativeTarget section */

/* Begin PBXProject section */
		E15B48C02EAA52C7004E29C5 /* Project object */ = {
			isa = PBXProject;
			attributes = {
				BuildIndependentTargetsInParallel = 1;
				LastSwiftUpdateCheck = 1640;
				LastUpgradeCheck = 1640;
				TargetAttributes = {
					E15B48C72EAA52C7004E29C5 = {
						CreatedOnToolsVersion = 16.4;
					};
				};
			};
			buildConfigurationList = E15B48C32EAA52C7004E29C5 /* Build configuration list for PBXProject "Touchdown" */;
			developmentRegion = en;
			hasScannedForEncodings = 0;
			knownRegions = (
				en,
				Base,
			);
			mainGroup = E15B48BF2EAA52C7004E29C5;
			minimizedProjectReferenceProxies = 1;
			preferredProjectObjectVersion = 77;
			productRefGroup = E15B48C92EAA52C7004E29C5 /* Products */;
			projectDirPath = "";
			projectRoot = "";
			targets = (
				E15B48C72EAA52C7004E29C5 /* Touchdown */,
			);
		};
/* End PBXProject section */

/* Begin PBXResourcesBuildPhase section */
		E15B48C62EAA52C7004E29C5 /* Resources */ = {
			isa = PBXResourcesBuildPhase;
			buildActionMask = 2147483647;
			files = (
				E15B48FF2EAA555A004E29C5 /* brand.json in Resources */,
				E15B49002EAA555A004E29C5 /* category.json in Resources */,
				E15B49012EAA555A004E29C5 /* player.json in Resources */,
				E15B49022EAA555A004E29C5 /* product.json in Resources */,
				E15B49032EAA555A004E29C5 /* Assets.xcassets in Resources */,
			);
			runOnlyForDeploymentPostprocessing = 0;
		};
/* End PBXResourcesBuildPhase section */

/* Begin PBXSourcesBuildPhase section */
		E15B48C42EAA52C7004E29C5 /* Sources */ = {
			isa = PBXSourcesBuildPhase;
			buildActionMask = 2147483647;
			files = (
				E1E41A492EAA5F8600564683 /* CodableBundleExtension.swift in Sources */,
				E1E41A672EAB6E4800564683 /* HeaderDetailView.swift in Sources */,
				E1E41A692EAB6EC600564683 /* TopPartDetailView.swift in Sources */,
				E15B49052EAA555A004E29C5 /* ContentView.swift in Sources */,
				E1E41A6F2EAB76B800564683 /* QuantityFavoriteDetailView.swift in Sources */,
				E1E41A452EAA5B1100564683 /* LogoView.swift in Sources */,
				E15B490A2EAA5655004E29C5 /* FooterView.swift in Sources */,
				E1E41A4B2EAA60C400564683 /* FeaturedItemView.swift in Sources */,
				E1E41A712EAB784300564683 /* AddToCartDetailView.swift in Sources */,
				E1E41A5B2EAB64E200564683 /* ProductItemView.swift in Sources */,
				E1E41A612EAB68E500564683 /* BrandGridView.swift in Sources */,
				E1E41A6D2EAB73AF00564683 /* RatingsSizesDetailView.swift in Sources */,
				E15B49062EAA555A004E29C5 /* TouchdownApp.swift in Sources */,
				E1E41A632EAB6C0F00564683 /* ProductDetailView.swift in Sources */,
				E1E41A652EAB6D0600564683 /* NavigationBarDetailView.swift in Sources */,
				E15B49082EAA5594004E29C5 /* Constant.swift in Sources */,
				E1E41A532EAA664A00564683 /* CategoryGridView.swift in Sources */,
				E1E41A4F2EAA63F100564683 /* CategoryModel.swift in Sources */,
				E1E41A432EAA59FE00564683 /* NavigationBarView.swift in Sources */,
				E1E41A552EAA676E00564683 /* SectionView.swift in Sources */,
				E1E41A5F2EAB687200564683 /* BrandItemView.swift in Sources */,
				E1E41A512EAA651200564683 /* CategoryItemView.swift in Sources */,
				E1E41A4D2EAA61BB00564683 /* FeaturedTabView.swift in Sources */,
				E1E41A6B2EAB722D00564683 /* CustomShape.swift in Sources */,
				E1E41A732EAB79F200564683 /* Shop.swift in Sources */,
				E1E41A472EAA5F4F00564683 /* PlayerModel.swift in Sources */,
				E1E41A5D2EAB682000564683 /* BrandModel.swift in Sources */,
				E1E41A572EAB634B00564683 /* TitleView.swift in Sources */,
				E1E41A592EAB645500564683 /* ProductModel.swift in Sources */,
			);
			runOnlyForDeploymentPostprocessing = 0;
		};
/* End PBXSourcesBuildPhase section */

/* Begin XCBuildConfiguration section */
		E15B48D12EAA52C7004E29C5 /* Debug */ = {
			isa = XCBuildConfiguration;
			buildSettings = {
				ALWAYS_SEARCH_USER_PATHS = NO;
				ASSETCATALOG_COMPILER_GENERATE_SWIFT_ASSET_SYMBOL_EXTENSIONS = YES;
				CLANG_ANALYZER_NONNULL = YES;
				CLANG_ANALYZER_NUMBER_OBJECT_CONVERSION = YES_AGGRESSIVE;
				CLANG_CXX_LANGUAGE_STANDARD = "gnu++20";
				CLANG_ENABLE_MODULES = YES;
				CLANG_ENABLE_OBJC_ARC = YES;
				CLANG_ENABLE_OBJC_WEAK = YES;
				CLANG_WARN_BLOCK_CAPTURE_AUTORELEASING = YES;
				CLANG_WARN_BOOL_CONVERSION = YES;
				CLANG_WARN_COMMA = YES;
				CLANG_WARN_CONSTANT_CONVERSION = YES;
				CLANG_WARN_DEPRECATED_OBJC_IMPLEMENTATIONS = YES;
				CLANG_WARN_DIRECT_OBJC_ISA_USAGE = YES_ERROR;
				CLANG_WARN_DOCUMENTATION_COMMENTS = YES;
				CLANG_WARN_EMPTY_BODY = YES;
				CLANG_WARN_ENUM_CONVERSION = YES;
				CLANG_WARN_INFINITE_RECURSION = YES;
				CLANG_WARN_INT_CONVERSION = YES;
				CLANG_WARN_NON_LITERAL_NULL_CONVERSION = YES;
				CLANG_WARN_OBJC_IMPLICIT_RETAIN_SELF = YES;
				CLANG_WARN_OBJC_LITERAL_CONVERSION = YES;
				CLANG_WARN_OBJC_ROOT_CLASS = YES_ERROR;
				CLANG_WARN_QUOTED_INCLUDE_IN_FRAMEWORK_HEADER = YES;
				CLANG_WARN_RANGE_LOOP_ANALYSIS = YES;
				CLANG_WARN_STRICT_PROTOTYPES = YES;
				CLANG_WARN_SUSPICIOUS_MOVE = YES;
				CLANG_WARN_UNGUARDED_AVAILABILITY = YES_AGGRESSIVE;
				CLANG_WARN_UNREACHABLE_CODE = YES;
				CLANG_WARN__DUPLICATE_METHOD_MATCH = YES;
				COPY_PHASE_STRIP = NO;
				DEBUG_INFORMATION_FORMAT = dwarf;
				DEVELOPMENT_TEAM = U3W7A494A6;
				ENABLE_STRICT_OBJC_MSGSEND = YES;
				ENABLE_TESTABILITY = YES;
				ENABLE_USER_SCRIPT_SANDBOXING = YES;
				GCC_C_LANGUAGE_STANDARD = gnu17;
				GCC_DYNAMIC_NO_PIC = NO;
				GCC_NO_COMMON_BLOCKS = YES;
				GCC_OPTIMIZATION_LEVEL = 0;
				GCC_PREPROCESSOR_DEFINITIONS = (
					"DEBUG=1",
					"$(inherited)",
				);
				GCC_WARN_64_TO_32_BIT_CONVERSION = YES;
				GCC_WARN_ABOUT_RETURN_TYPE = YES_ERROR;
				GCC_WARN_UNDECLARED_SELECTOR = YES;
				GCC_WARN_UNINITIALIZED_AUTOS = YES_AGGRESSIVE;
				GCC_WARN_UNUSED_FUNCTION = YES;
				GCC_WARN_UNUSED_VARIABLE = YES;
				IPHONEOS_DEPLOYMENT_TARGET = 18.5;
				LOCALIZATION_PREFERS_STRING_CATALOGS = YES;
				MTL_ENABLE_DEBUG_INFO = INCLUDE_SOURCE;
				MTL_FAST_MATH = YES;
				ONLY_ACTIVE_ARCH = YES;
				SDKROOT = iphoneos;
				SWIFT_ACTIVE_COMPILATION_CONDITIONS = "DEBUG $(inherited)";
				SWIFT_OPTIMIZATION_LEVEL = "-Onone";
			};
			name = Debug;
		};
		E15B48D22EAA52C7004E29C5 /* Release */ = {
			isa = XCBuildConfiguration;
			buildSettings = {
				ALWAYS_SEARCH_USER_PATHS = NO;
				ASSETCATALOG_COMPILER_GENERATE_SWIFT_ASSET_SYMBOL_EXTENSIONS = YES;
				CLANG_ANALYZER_NONNULL = YES;
				CLANG_ANALYZER_NUMBER_OBJECT_CONVERSION = YES_AGGRESSIVE;
				CLANG_CXX_LANGUAGE_STANDARD = "gnu++20";
				CLANG_ENABLE_MODULES = YES;
				CLANG_ENABLE_OBJC_ARC = YES;
				CLANG_ENABLE_OBJC_WEAK = YES;
				CLANG_WARN_BLOCK_CAPTURE_AUTORELEASING = YES;
				CLANG_WARN_BOOL_CONVERSION = YES;
				CLANG_WARN_COMMA = YES;
				CLANG_WARN_CONSTANT_CONVERSION = YES;
				CLANG_WARN_DEPRECATED_OBJC_IMPLEMENTATIONS = YES;
				CLANG_WARN_DIRECT_OBJC_ISA_USAGE = YES_ERROR;
				CLANG_WARN_DOCUMENTATION_COMMENTS = YES;
				CLANG_WARN_EMPTY_BODY = YES;
				CLANG_WARN_ENUM_CONVERSION = YES;
				CLANG_WARN_INFINITE_RECURSION = YES;
				CLANG_WARN_INT_CONVERSION = YES;
				CLANG_WARN_NON_LITERAL_NULL_CONVERSION = YES;
				CLANG_WARN_OBJC_IMPLICIT_RETAIN_SELF = YES;
				CLANG_WARN_OBJC_LITERAL_CONVERSION = YES;
				CLANG_WARN_OBJC_ROOT_CLASS = YES_ERROR;
				CLANG_WARN_QUOTED_INCLUDE_IN_FRAMEWORK_HEADER = YES;
				CLANG_WARN_RANGE_LOOP_ANALYSIS = YES;
				CLANG_WARN_STRICT_PROTOTYPES = YES;
				CLANG_WARN_SUSPICIOUS_MOVE = YES;
				CLANG_WARN_UNGUARDED_AVAILABILITY = YES_AGGRESSIVE;
				CLANG_WARN_UNREACHABLE_CODE = YES;
				CLANG_WARN__DUPLICATE_METHOD_MATCH = YES;
				COPY_PHASE_STRIP = NO;
				DEBUG_INFORMATION_FORMAT = "dwarf-with-dsym";
				DEVELOPMENT_TEAM = U3W7A494A6;
				ENABLE_NS_ASSERTIONS = NO;
				ENABLE_STRICT_OBJC_MSGSEND = YES;
				ENABLE_USER_SCRIPT_SANDBOXING = YES;
				GCC_C_LANGUAGE_STANDARD = gnu17;
				GCC_NO_COMMON_BLOCKS = YES;
				GCC_WARN_64_TO_32_BIT_CONVERSION = YES;
				GCC_WARN_ABOUT_RETURN_TYPE = YES_ERROR;
				GCC_WARN_UNDECLARED_SELECTOR = YES;
				GCC_WARN_UNINITIALIZED_AUTOS = YES_AGGRESSIVE;
				GCC_WARN_UNUSED_FUNCTION = YES;
				GCC_WARN_UNUSED_VARIABLE = YES;
				IPHONEOS_DEPLOYMENT_TARGET = 18.5;
				LOCALIZATION_PREFERS_STRING_CATALOGS = YES;
				MTL_ENABLE_DEBUG_INFO = NO;
				MTL_FAST_MATH = YES;
				SDKROOT = iphoneos;
				SWIFT_COMPILATION_MODE = wholemodule;
				VALIDATE_PRODUCT = YES;
			};
			name = Release;
		};
		E15B48D42EAA52C7004E29C5 /* Debug */ = {
			isa = XCBuildConfiguration;
			buildSettings = {
				ASSETCATALOG_COMPILER_APPICON_NAME = AppIcon;
				ASSETCATALOG_COMPILER_GLOBAL_ACCENT_COLOR_NAME = AccentColor;
				CODE_SIGN_STYLE = Automatic;
				CURRENT_PROJECT_VERSION = 1;
				DEVELOPMENT_TEAM = U3W7A494A6;
				ENABLE_PREVIEWS = YES;
				GENERATE_INFOPLIST_FILE = YES;
				INFOPLIST_FILE = Touchdown/Info.plist;
				INFOPLIST_KEY_UIApplicationSceneManifest_Generation = YES;
				INFOPLIST_KEY_UIApplicationSupportsIndirectInputEvents = YES;
				INFOPLIST_KEY_UISupportedInterfaceOrientations = UIInterfaceOrientationPortrait;
				INFOPLIST_KEY_UISupportedInterfaceOrientations_iPad = "UIInterfaceOrientationLandscapeLeft UIInterfaceOrientationLandscapeRight UIInterfaceOrientationPortrait UIInterfaceOrientationPortraitUpsideDown";
				INFOPLIST_KEY_UIUserInterfaceStyle = Light;
				LD_RUNPATH_SEARCH_PATHS = (
					"$(inherited)",
					"@executable_path/Frameworks",
				);
				MARKETING_VERSION = 1.0;
				PRODUCT_BUNDLE_IDENTIFIER = com.isacenco.Touchdown;
				PRODUCT_NAME = "$(TARGET_NAME)";
				SWIFT_EMIT_LOC_STRINGS = YES;
				SWIFT_VERSION = 5.0;
				TARGETED_DEVICE_FAMILY = "1,2";
			};
			name = Debug;
		};
		E15B48D52EAA52C7004E29C5 /* Release */ = {
			isa = XCBuildConfiguration;
			buildSettings = {
				ASSETCATALOG_COMPILER_APPICON_NAME = AppIcon;
				ASSETCATALOG_COMPILER_GLOBAL_ACCENT_COLOR_NAME = AccentColor;
				CODE_SIGN_STYLE = Automatic;
				CURRENT_PROJECT_VERSION = 1;
				DEVELOPMENT_TEAM = U3W7A494A6;
				ENABLE_PREVIEWS = YES;
				GENERATE_INFOPLIST_FILE = YES;
				INFOPLIST_FILE = Touchdown/Info.plist;
				INFOPLIST_KEY_UIApplicationSceneManifest_Generation = YES;
				INFOPLIST_KEY_UIApplicationSupportsIndirectInputEvents = YES;
				INFOPLIST_KEY_UISupportedInterfaceOrientations = UIInterfaceOrientationPortrait;
				INFOPLIST_KEY_UISupportedInterfaceOrientations_iPad = "UIInterfaceOrientationLandscapeLeft UIInterfaceOrientationLandscapeRight UIInterfaceOrientationPortrait UIInterfaceOrientationPortraitUpsideDown";
				INFOPLIST_KEY_UIUserInterfaceStyle = Light;
				LD_RUNPATH_SEARCH_PATHS = (
					"$(inherited)",
					"@executable_path/Frameworks",
				);
				MARKETING_VERSION = 1.0;
				PRODUCT_BUNDLE_IDENTIFIER = com.isacenco.Touchdown;
				PRODUCT_NAME = "$(TARGET_NAME)";
				SWIFT_EMIT_LOC_STRINGS = YES;
				SWIFT_VERSION = 5.0;
				TARGETED_DEVICE_FAMILY = "1,2";
			};
			name = Release;
		};
/* End XCBuildConfiguration section */

/* Begin XCConfigurationList section */
		E15B48C32EAA52C7004E29C5 /* Build configuration list for PBXProject "Touchdown" */ = {
			isa = XCConfigurationList;
			buildConfigurations = (
				E15B48D12EAA52C7004E29C5 /* Debug */,
				E15B48D22EAA52C7004E29C5 /* Release */,
			);
			defaultConfigurationIsVisible = 0;
			defaultConfigurationName = Release;
		};
		E15B48D32EAA52C7004E29C5 /* Build configuration list for PBXNativeTarget "Touchdown" */ = {
			isa = XCConfigurationList;
			buildConfigurations = (
				E15B48D42EAA52C7004E29C5 /* Debug */,
				E15B48D52EAA52C7004E29C5 /* Release */,
			);
			defaultConfigurationIsVisible = 0;
			defaultConfigurationName = Release;
		};
/* End XCConfigurationList section */
	};
	rootObject = E15B48C02EAA52C7004E29C5 /* Project object */;
}
